// !$*UTF8*$!
{
	archiveVersion = 1;
	classes = {
	};
	objectVersion = 56;
	objects = {

/* Begin PBXBuildFile section */
		4D9A1940297839C400DF728B /* ViewPractice.storyboard in Resources */ = {isa = PBXBuildFile; fileRef = 4D9A193F297839C400DF728B /* ViewPractice.storyboard */; };
		4D9A1943297839F400DF728B /* ViewPracticeController.swift in Sources */ = {isa = PBXBuildFile; fileRef = 4D9A1942297839F400DF728B /* ViewPracticeController.swift */; };
		4DDFC29F296F375600662BE2 /* AppDelegate.swift in Sources */ = {isa = PBXBuildFile; fileRef = 4DDFC29E296F375600662BE2 /* AppDelegate.swift */; };
		4DDFC2A1296F375600662BE2 /* SceneDelegate.swift in Sources */ = {isa = PBXBuildFile; fileRef = 4DDFC2A0296F375600662BE2 /* SceneDelegate.swift */; };
		4DDFC2A3296F375600662BE2 /* ViewController.swift in Sources */ = {isa = PBXBuildFile; fileRef = 4DDFC2A2296F375600662BE2 /* ViewController.swift */; };
		4DDFC2A6296F375600662BE2 /* Main.storyboard in Resources */ = {isa = PBXBuildFile; fileRef = 4DDFC2A4296F375600662BE2 /* Main.storyboard */; };
		4DDFC2A9296F375600662BE2 /* practicasTelecomEnero.xcdatamodeld in Sources */ = {isa = PBXBuildFile; fileRef = 4DDFC2A7296F375600662BE2 /* practicasTelecomEnero.xcdatamodeld */; };
		4DDFC2AB296F375800662BE2 /* Assets.xcassets in Resources */ = {isa = PBXBuildFile; fileRef = 4DDFC2AA296F375800662BE2 /* Assets.xcassets */; };
		4DDFC2AE296F375800662BE2 /* LaunchScreen.storyboard in Resources */ = {isa = PBXBuildFile; fileRef = 4DDFC2AC296F375800662BE2 /* LaunchScreen.storyboard */; };
/* End PBXBuildFile section */

/* Begin PBXFileReference section */
		4D9A193F297839C400DF728B /* ViewPractice.storyboard */ = {isa = PBXFileReference; lastKnownFileType = file.storyboard; path = ViewPractice.storyboard; sourceTree = "<group>"; };
		4D9A1942297839F400DF728B /* ViewPracticeController.swift */ = {isa = PBXFileReference; lastKnownFileType = sourcecode.swift; path = ViewPracticeController.swift; sourceTree = "<group>"; };
		4DC43E1B2975B93700F926AE /* algoritmosOrdenamiento.playground */ = {isa = PBXFileReference; lastKnownFileType = file.playground; path = algoritmosOrdenamiento.playground; sourceTree = "<group>"; xcLanguageSpecificationIdentifier = xcode.lang.swift; };
		4DDFC29B296F375600662BE2 /* practicasTelecomEnero.app */ = {isa = PBXFileReference; explicitFileType = wrapper.application; includeInIndex = 0; path = practicasTelecomEnero.app; sourceTree = BUILT_PRODUCTS_DIR; };
		4DDFC29E296F375600662BE2 /* AppDelegate.swift */ = {isa = PBXFileReference; lastKnownFileType = sourcecode.swift; path = AppDelegate.swift; sourceTree = "<group>"; };
		4DDFC2A0296F375600662BE2 /* SceneDelegate.swift */ = {isa = PBXFileReference; lastKnownFileType = sourcecode.swift; path = SceneDelegate.swift; sourceTree = "<group>"; };
		4DDFC2A2296F375600662BE2 /* ViewController.swift */ = {isa = PBXFileReference; lastKnownFileType = sourcecode.swift; path = ViewController.swift; sourceTree = "<group>"; };
		4DDFC2A5296F375600662BE2 /* Base */ = {isa = PBXFileReference; lastKnownFileType = file.storyboard; name = Base; path = Base.lproj/Main.storyboard; sourceTree = "<group>"; };
		4DDFC2A8296F375600662BE2 /* practicasTelecomEnero.xcdatamodel */ = {isa = PBXFileReference; lastKnownFileType = wrapper.xcdatamodel; path = practicasTelecomEnero.xcdatamodel; sourceTree = "<group>"; };
		4DDFC2AA296F375800662BE2 /* Assets.xcassets */ = {isa = PBXFileReference; lastKnownFileType = folder.assetcatalog; path = Assets.xcassets; sourceTree = "<group>"; };
		4DDFC2AD296F375800662BE2 /* Base */ = {isa = PBXFileReference; lastKnownFileType = file.storyboard; name = Base; path = Base.lproj/LaunchScreen.storyboard; sourceTree = "<group>"; };
		4DDFC2AF296F375800662BE2 /* Info.plist */ = {isa = PBXFileReference; lastKnownFileType = text.plist.xml; path = Info.plist; sourceTree = "<group>"; };
		4DDFC2B6296F378800662BE2 /* Strings.playground */ = {isa = PBXFileReference; lastKnownFileType = file.playground; path = Strings.playground; sourceTree = "<group>"; xcLanguageSpecificationIdentifier = xcode.lang.swift; };
		4DDFC2B7297050D600662BE2 /* Dictionary.playground */ = {isa = PBXFileReference; lastKnownFileType = file.playground; path = Dictionary.playground; sourceTree = "<group>"; xcLanguageSpecificationIdentifier = xcode.lang.swift; };
		4DDFC2B82970623100662BE2 /* Enums.playground */ = {isa = PBXFileReference; lastKnownFileType = file.playground; path = Enums.playground; sourceTree = "<group>"; xcLanguageSpecificationIdentifier = xcode.lang.swift; };
		4DDFC2B929708AAF00662BE2 /* ClousereAndFuncs.playground */ = {isa = PBXFileReference; lastKnownFileType = file.playground; path = ClousereAndFuncs.playground; sourceTree = "<group>"; xcLanguageSpecificationIdentifier = xcode.lang.swift; };
		4DDFC2BA2970925100662BE2 /* SwiftAvanzado.playground */ = {isa = PBXFileReference; lastKnownFileType = file.playground; path = SwiftAvanzado.playground; sourceTree = "<group>"; xcLanguageSpecificationIdentifier = xcode.lang.swift; };
/* End PBXFileReference section */

/* Begin PBXFrameworksBuildPhase section */
		4DDFC298296F375600662BE2 /* Frameworks */ = {
			isa = PBXFrameworksBuildPhase;
			buildActionMask = 2147483647;
			files = (
			);
			runOnlyForDeploymentPostprocessing = 0;
		};
/* End PBXFrameworksBuildPhase section */

/* Begin PBXGroup section */
		4D9A1941297839CC00DF728B /* Viewpractice */ = {
			isa = PBXGroup;
			children = (
				4D9A193F297839C400DF728B /* ViewPractice.storyboard */,
				4D9A1942297839F400DF728B /* ViewPracticeController.swift */,
			);
			path = Viewpractice;
			sourceTree = "<group>";
		};
		4DDFC292296F375600662BE2 = {
			isa = PBXGroup;
			children = (
				4DDFC29D296F375600662BE2 /* practicasTelecomEnero */,
				4DDFC29C296F375600662BE2 /* Products */,
			);
			sourceTree = "<group>";
		};
		4DDFC29C296F375600662BE2 /* Products */ = {
			isa = PBXGroup;
			children = (
				4DDFC29B296F375600662BE2 /* practicasTelecomEnero.app */,
			);
			name = Products;
			sourceTree = "<group>";
		};
		4DDFC29D296F375600662BE2 /* practicasTelecomEnero */ = {
			isa = PBXGroup;
			children = (
				4DDFC2B5296F376800662BE2 /* Playgrounds */,
				4DDFC29E296F375600662BE2 /* AppDelegate.swift */,
				4DDFC2A0296F375600662BE2 /* SceneDelegate.swift */,
				4DDFC2A2296F375600662BE2 /* ViewController.swift */,
				4DDFC2A4296F375600662BE2 /* Main.storyboard */,
				4D9A1941297839CC00DF728B /* Viewpractice */,
				4DDFC2AA296F375800662BE2 /* Assets.xcassets */,
				4DDFC2AC296F375800662BE2 /* LaunchScreen.storyboard */,
				4DDFC2AF296F375800662BE2 /* Info.plist */,
				4DDFC2A7296F375600662BE2 /* practicasTelecomEnero.xcdatamodeld */,
			);
			path = practicasTelecomEnero;
			sourceTree = "<group>";
		};
		4DDFC2B5296F376800662BE2 /* Playgrounds */ = {
			isa = PBXGroup;
			children = (
				4DDFC2B6296F378800662BE2 /* Strings.playground */,
				4DDFC2B7297050D600662BE2 /* Dictionary.playground */,
				4DDFC2B82970623100662BE2 /* Enums.playground */,
				4DDFC2B929708AAF00662BE2 /* ClousereAndFuncs.playground */,
				4DDFC2BA2970925100662BE2 /* SwiftAvanzado.playground */,
				4DC43E1B2975B93700F926AE /* algoritmosOrdenamiento.playground */,
			);
			path = Playgrounds;
			sourceTree = "<group>";
		};
/* End PBXGroup section */

/* Begin PBXNativeTarget section */
		4DDFC29A296F375600662BE2 /* practicasTelecomEnero */ = {
			isa = PBXNativeTarget;
			buildConfigurationList = 4DDFC2B2296F375800662BE2 /* Build configuration list for PBXNativeTarget "practicasTelecomEnero" */;
			buildPhases = (
				4DDFC297296F375600662BE2 /* Sources */,
				4DDFC298296F375600662BE2 /* Frameworks */,
				4DDFC299296F375600662BE2 /* Resources */,
			);
			buildRules = (
			);
			dependencies = (
			);
			name = practicasTelecomEnero;
			productName = practicasTelecomEnero;
			productReference = 4DDFC29B296F375600662BE2 /* practicasTelecomEnero.app */;
			productType = "com.apple.product-type.application";
		};
/* End PBXNativeTarget section */

/* Begin PBXProject section */
		4DDFC293296F375600662BE2 /* Project object */ = {
			isa = PBXProject;
			attributes = {
				BuildIndependentTargetsInParallel = 1;
				LastSwiftUpdateCheck = 1420;
				LastUpgradeCheck = 1420;
				TargetAttributes = {
					4DDFC29A296F375600662BE2 = {
						CreatedOnToolsVersion = 14.2;
					};
				};
			};
			buildConfigurationList = 4DDFC296296F375600662BE2 /* Build configuration list for PBXProject "practicasTelecomEnero" */;
			compatibilityVersion = "Xcode 14.0";
			developmentRegion = en;
			hasScannedForEncodings = 0;
			knownRegions = (
				en,
				Base,
			);
			mainGroup = 4DDFC292296F375600662BE2;
			productRefGroup = 4DDFC29C296F375600662BE2 /* Products */;
			projectDirPath = "";
			projectRoot = "";
			targets = (
				4DDFC29A296F375600662BE2 /* practicasTelecomEnero */,
			);
		};
/* End PBXProject section */

/* Begin PBXResourcesBuildPhase section */
		4DDFC299296F375600662BE2 /* Resources */ = {
			isa = PBXResourcesBuildPhase;
			buildActionMask = 2147483647;
			files = (
				4D9A1940297839C400DF728B /* ViewPractice.storyboard in Resources */,
				4DDFC2AE296F375800662BE2 /* LaunchScreen.storyboard in Resources */,
				4DDFC2AB296F375800662BE2 /* Assets.xcassets in Resources */,
				4DDFC2A6296F375600662BE2 /* Main.storyboard in Resources */,
			);
			runOnlyForDeploymentPostprocessing = 0;
		};
/* End PBXResourcesBuildPhase section */

/* Begin PBXSourcesBuildPhase section */
		4DDFC297296F375600662BE2 /* Sources */ = {
			isa = PBXSourcesBuildPhase;
			buildActionMask = 2147483647;
			files = (
				4D9A1943297839F400DF728B /* ViewPracticeController.swift in Sources */,
				4DDFC2A3296F375600662BE2 /* ViewController.swift in Sources */,
				4DDFC29F296F375600662BE2 /* AppDelegate.swift in Sources */,
				4DDFC2A9296F375600662BE2 /* practicasTelecomEnero.xcdatamodeld in Sources */,
				4DDFC2A1296F375600662BE2 /* SceneDelegate.swift in Sources */,
			);
			runOnlyForDeploymentPostprocessing = 0;
		};
/* End PBXSourcesBuildPhase section */

/* Begin PBXVariantGroup section */
		4DDFC2A4296F375600662BE2 /* Main.storyboard */ = {
			isa = PBXVariantGroup;
			children = (
				4DDFC2A5296F375600662BE2 /* Base */,
			);
			name = Main.storyboard;
			sourceTree = "<group>";
		};
		4DDFC2AC296F375800662BE2 /* LaunchScreen.storyboard */ = {
			isa = PBXVariantGroup;
			children = (
				4DDFC2AD296F375800662BE2 /* Base */,
			);
			name = LaunchScreen.storyboard;
			sourceTree = "<group>";
		};
/* End PBXVariantGroup section */

/* Begin XCBuildConfiguration section */
		4DDFC2B0296F375800662BE2 /* Debug */ = {
			isa = XCBuildConfiguration;
			buildSettings = {
				ALWAYS_SEARCH_USER_PATHS = NO;
				CLANG_ANALYZER_NONNULL = YES;
				CLANG_ANALYZER_NUMBER_OBJECT_CONVERSION = YES_AGGRESSIVE;
				CLANG_CXX_LANGUAGE_STANDARD = "gnu++20";
				CLANG_ENABLE_MODULES = YES;
				CLANG_ENABLE_OBJC_ARC = YES;
				CLANG_ENABLE_OBJC_WEAK = YES;
				CLANG_WARN_BLOCK_CAPTURE_AUTORELEASING = YES;
				CLANG_WARN_BOOL_CONVERSION = YES;
				CLANG_WARN_COMMA = YES;
				CLANG_WARN_CONSTANT_CONVERSION = YES;
				CLANG_WARN_DEPRECATED_OBJC_IMPLEMENTATIONS = YES;
				CLANG_WARN_DIRECT_OBJC_ISA_USAGE = YES_ERROR;
				CLANG_WARN_DOCUMENTATION_COMMENTS = YES;
				CLANG_WARN_EMPTY_BODY = YES;
				CLANG_WARN_ENUM_CONVERSION = YES;
				CLANG_WARN_INFINITE_RECURSION = YES;
				CLANG_WARN_INT_CONVERSION = YES;
				CLANG_WARN_NON_LITERAL_NULL_CONVERSION = YES;
				CLANG_WARN_OBJC_IMPLICIT_RETAIN_SELF = YES;
				CLANG_WARN_OBJC_LITERAL_CONVERSION = YES;
				CLANG_WARN_OBJC_ROOT_CLASS = YES_ERROR;
				CLANG_WARN_QUOTED_INCLUDE_IN_FRAMEWORK_HEADER = YES;
				CLANG_WARN_RANGE_LOOP_ANALYSIS = YES;
				CLANG_WARN_STRICT_PROTOTYPES = YES;
				CLANG_WARN_SUSPICIOUS_MOVE = YES;
				CLANG_WARN_UNGUARDED_AVAILABILITY = YES_AGGRESSIVE;
				CLANG_WARN_UNREACHABLE_CODE = YES;
				CLANG_WARN__DUPLICATE_METHOD_MATCH = YES;
				COPY_PHASE_STRIP = NO;
				DEBUG_INFORMATION_FORMAT = dwarf;
				ENABLE_STRICT_OBJC_MSGSEND = YES;
				ENABLE_TESTABILITY = YES;
				GCC_C_LANGUAGE_STANDARD = gnu11;
				GCC_DYNAMIC_NO_PIC = NO;
				GCC_NO_COMMON_BLOCKS = YES;
				GCC_OPTIMIZATION_LEVEL = 0;
				GCC_PREPROCESSOR_DEFINITIONS = (
					"DEBUG=1",
					"$(inherited)",
				);
				GCC_WARN_64_TO_32_BIT_CONVERSION = YES;
				GCC_WARN_ABOUT_RETURN_TYPE = YES_ERROR;
				GCC_WARN_UNDECLARED_SELECTOR = YES;
				GCC_WARN_UNINITIALIZED_AUTOS = YES_AGGRESSIVE;
				GCC_WARN_UNUSED_FUNCTION = YES;
				GCC_WARN_UNUSED_VARIABLE = YES;
				IPHONEOS_DEPLOYMENT_TARGET = 16.2;
				MTL_ENABLE_DEBUG_INFO = INCLUDE_SOURCE;
				MTL_FAST_MATH = YES;
				ONLY_ACTIVE_ARCH = YES;
				SDKROOT = iphoneos;
				SWIFT_ACTIVE_COMPILATION_CONDITIONS = DEBUG;
				SWIFT_OPTIMIZATION_LEVEL = "-Onone";
			};
			name = Debug;
		};
		4DDFC2B1296F375800662BE2 /* Release */ = {
			isa = XCBuildConfiguration;
			buildSettings = {
				ALWAYS_SEARCH_USER_PATHS = NO;
				CLANG_ANALYZER_NONNULL = YES;
				CLANG_ANALYZER_NUMBER_OBJECT_CONVERSION = YES_AGGRESSIVE;
				CLANG_CXX_LANGUAGE_STANDARD = "gnu++20";
				CLANG_ENABLE_MODULES = YES;
				CLANG_ENABLE_OBJC_ARC = YES;
				CLANG_ENABLE_OBJC_WEAK = YES;
				CLANG_WARN_BLOCK_CAPTURE_AUTORELEASING = YES;
				CLANG_WARN_BOOL_CONVERSION = YES;
				CLANG_WARN_COMMA = YES;
				CLANG_WARN_CONSTANT_CONVERSION = YES;
				CLANG_WARN_DEPRECATED_OBJC_IMPLEMENTATIONS = YES;
				CLANG_WARN_DIRECT_OBJC_ISA_USAGE = YES_ERROR;
				CLANG_WARN_DOCUMENTATION_COMMENTS = YES;
				CLANG_WARN_EMPTY_BODY = YES;
				CLANG_WARN_ENUM_CONVERSION = YES;
				CLANG_WARN_INFINITE_RECURSION = YES;
				CLANG_WARN_INT_CONVERSION = YES;
				CLANG_WARN_NON_LITERAL_NULL_CONVERSION = YES;
				CLANG_WARN_OBJC_IMPLICIT_RETAIN_SELF = YES;
				CLANG_WARN_OBJC_LITERAL_CONVERSION = YES;
				CLANG_WARN_OBJC_ROOT_CLASS = YES_ERROR;
				CLANG_WARN_QUOTED_INCLUDE_IN_FRAMEWORK_HEADER = YES;
				CLANG_WARN_RANGE_LOOP_ANALYSIS = YES;
				CLANG_WARN_STRICT_PROTOTYPES = YES;
				CLANG_WARN_SUSPICIOUS_MOVE = YES;
				CLANG_WARN_UNGUARDED_AVAILABILITY = YES_AGGRESSIVE;
				CLANG_WARN_UNREACHABLE_CODE = YES;
				CLANG_WARN__DUPLICATE_METHOD_MATCH = YES;
				COPY_PHASE_STRIP = NO;
				DEBUG_INFORMATION_FORMAT = "dwarf-with-dsym";
				ENABLE_NS_ASSERTIONS = NO;
				ENABLE_STRICT_OBJC_MSGSEND = YES;
				GCC_C_LANGUAGE_STANDARD = gnu11;
				GCC_NO_COMMON_BLOCKS = YES;
				GCC_WARN_64_TO_32_BIT_CONVERSION = YES;
				GCC_WARN_ABOUT_RETURN_TYPE = YES_ERROR;
				GCC_WARN_UNDECLARED_SELECTOR = YES;
				GCC_WARN_UNINITIALIZED_AUTOS = YES_AGGRESSIVE;
				GCC_WARN_UNUSED_FUNCTION = YES;
				GCC_WARN_UNUSED_VARIABLE = YES;
				IPHONEOS_DEPLOYMENT_TARGET = 16.2;
				MTL_ENABLE_DEBUG_INFO = NO;
				MTL_FAST_MATH = YES;
				SDKROOT = iphoneos;
				SWIFT_COMPILATION_MODE = wholemodule;
				SWIFT_OPTIMIZATION_LEVEL = "-O";
				VALIDATE_PRODUCT = YES;
			};
			name = Release;
		};
		4DDFC2B3296F375800662BE2 /* Debug */ = {
			isa = XCBuildConfiguration;
			buildSettings = {
				ASSETCATALOG_COMPILER_APPICON_NAME = AppIcon;
				ASSETCATALOG_COMPILER_GLOBAL_ACCENT_COLOR_NAME = AccentColor;
				CODE_SIGN_STYLE = Automatic;
				CURRENT_PROJECT_VERSION = 1;
				DEVELOPMENT_TEAM = 8PX3D8K5XJ;
				GENERATE_INFOPLIST_FILE = YES;
				INFOPLIST_FILE = practicasTelecomEnero/Info.plist;
				INFOPLIST_KEY_UIApplicationSupportsIndirectInputEvents = YES;
				INFOPLIST_KEY_UILaunchStoryboardName = LaunchScreen;
				INFOPLIST_KEY_UIMainStoryboardFile = Main;
				INFOPLIST_KEY_UISupportedInterfaceOrientations_iPad = "UIInterfaceOrientationPortrait UIInterfaceOrientationPortraitUpsideDown UIInterfaceOrientationLandscapeLeft UIInterfaceOrientationLandscapeRight";
				INFOPLIST_KEY_UISupportedInterfaceOrientations_iPhone = "UIInterfaceOrientationPortrait UIInterfaceOrientationLandscapeLeft UIInterfaceOrientationLandscapeRight";
				LD_RUNPATH_SEARCH_PATHS = (
					"$(inherited)",
					"@executable_path/Frameworks",
				);
				MARKETING_VERSION = 1.0;
				PRODUCT_BUNDLE_IDENTIFIER = com.LucianoCastro.practicasTelecomEnero;
				PRODUCT_NAME = "$(TARGET_NAME)";
				SWIFT_EMIT_LOC_STRINGS = YES;
				SWIFT_VERSION = 5.0;
				TARGETED_DEVICE_FAMILY = "1,2";
			};
			name = Debug;
		};
		4DDFC2B4296F375800662BE2 /* Release */ = {
			isa = XCBuildConfiguration;
			buildSettings = {
				ASSETCATALOG_COMPILER_APPICON_NAME = AppIcon;
				ASSETCATALOG_COMPILER_GLOBAL_ACCENT_COLOR_NAME = AccentColor;
				CODE_SIGN_STYLE = Automatic;
				CURRENT_PROJECT_VERSION = 1;
				DEVELOPMENT_TEAM = 8PX3D8K5XJ;
				GENERATE_INFOPLIST_FILE = YES;
				INFOPLIST_FILE = practicasTelecomEnero/Info.plist;
				INFOPLIST_KEY_UIApplicationSupportsIndirectInputEvents = YES;
				INFOPLIST_KEY_UILaunchStoryboardName = LaunchScreen;
				INFOPLIST_KEY_UIMainStoryboardFile = Main;
				INFOPLIST_KEY_UISupportedInterfaceOrientations_iPad = "UIInterfaceOrientationPortrait UIInterfaceOrientationPortraitUpsideDown UIInterfaceOrientationLandscapeLeft UIInterfaceOrientationLandscapeRight";
				INFOPLIST_KEY_UISupportedInterfaceOrientations_iPhone = "UIInterfaceOrientationPortrait UIInterfaceOrientationLandscapeLeft UIInterfaceOrientationLandscapeRight";
				LD_RUNPATH_SEARCH_PATHS = (
					"$(inherited)",
					"@executable_path/Frameworks",
				);
				MARKETING_VERSION = 1.0;
				PRODUCT_BUNDLE_IDENTIFIER = com.LucianoCastro.practicasTelecomEnero;
				PRODUCT_NAME = "$(TARGET_NAME)";
				SWIFT_EMIT_LOC_STRINGS = YES;
				SWIFT_VERSION = 5.0;
				TARGETED_DEVICE_FAMILY = "1,2";
			};
			name = Release;
		};
/* End XCBuildConfiguration section */

/* Begin XCConfigurationList section */
		4DDFC296296F375600662BE2 /* Build configuration list for PBXProject "practicasTelecomEnero" */ = {
			isa = XCConfigurationList;
			buildConfigurations = (
				4DDFC2B0296F375800662BE2 /* Debug */,
				4DDFC2B1296F375800662BE2 /* Release */,
			);
			defaultConfigurationIsVisible = 0;
			defaultConfigurationName = Release;
		};
		4DDFC2B2296F375800662BE2 /* Build configuration list for PBXNativeTarget "practicasTelecomEnero" */ = {
			isa = XCConfigurationList;
			buildConfigurations = (
				4DDFC2B3296F375800662BE2 /* Debug */,
				4DDFC2B4296F375800662BE2 /* Release */,
			);
			defaultConfigurationIsVisible = 0;
			defaultConfigurationName = Release;
		};
/* End XCConfigurationList section */

/* Begin XCVersionGroup section */
		4DDFC2A7296F375600662BE2 /* practicasTelecomEnero.xcdatamodeld */ = {
			isa = XCVersionGroup;
			children = (
				4DDFC2A8296F375600662BE2 /* practicasTelecomEnero.xcdatamodel */,
			);
			currentVersion = 4DDFC2A8296F375600662BE2 /* practicasTelecomEnero.xcdatamodel */;
			path = practicasTelecomEnero.xcdatamodeld;
			sourceTree = "<group>";
			versionGroupType = wrapper.xcdatamodel;
		};
/* End XCVersionGroup section */
	};
	rootObject = 4DDFC293296F375600662BE2 /* Project object */;
}
